<?xml version="1.0" encoding="utf-8"?>
<Project ToolsVersion="4.0" xmlns="http://schemas.microsoft.com/developer/msbuild/2003">
  <ItemGroup>
    <Filter Include="Source Files">
      <UniqueIdentifier>{4FC737F1-C7A5-4376-A066-2A32D752A2FF}</UniqueIdentifier>
      <Extensions>qml;cpp;c;cc;cxx;def;odl;idl;hpj;bat;asm;asmx</Extensions>
    </Filter>
    <Filter Include="Header Files">
      <UniqueIdentifier>{93995380-89BD-4b04-88EB-625FBE52EBFB}</UniqueIdentifier>
      <Extensions>h;hh;hpp;hxx;hm;inl;inc;xsd</Extensions>
    </Filter>
    <Filter Include="Resource Files">
      <UniqueIdentifier>{67DA6AB6-F800-4c08-8B7A-83BB121AAD01}</UniqueIdentifier>
      <Extensions>qrc;rc;ico;cur;bmp;dlg;rc2;rct;bin;rgs;gif;jpg;jpeg;jpe;resx;tiff;tif;png;wav;mfcribbon-ms</Extensions>
    </Filter>
    <Filter Include="Form Files">
      <UniqueIdentifier>{99349809-55BA-4b9d-BF79-8FDBB0286EB3}</UniqueIdentifier>
      <Extensions>ui</Extensions>
    </Filter>
    <Filter Include="Translation Files">
      <UniqueIdentifier>{639EADAA-A684-42e4-A9AD-28FC9BCB8F7C}</UniqueIdentifier>
      <Extensions>ts</Extensions>
    </Filter>
    <Filter Include="Source Files\Setting">
      <UniqueIdentifier>{5d35014e-2851-4218-80be-e89df517c974}</UniqueIdentifier>
    </Filter>
    <Filter Include="Source Files\Watcher">
      <UniqueIdentifier>{b71a943a-3516-4333-89c6-4f1b6ab3d069}</UniqueIdentifier>
    </Filter>
    <Filter Include="Source Files\Tools">
      <UniqueIdentifier>{392374f9-d7ac-4c7e-9c82-ce3b0ce7a146}</UniqueIdentifier>
    </Filter>
    <Filter Include="Source Files\Tools\PDF">
      <UniqueIdentifier>{c0bdf854-728d-41f3-82be-c58a2844d6cb}</UniqueIdentifier>
    </Filter>
    <Filter Include="User Interface">
      <UniqueIdentifier>{40ad7b07-6dbd-44c0-96a2-5a3ac2c43654}</UniqueIdentifier>
    </Filter>
    <Filter Include="User Interface\CustomWidget">
      <UniqueIdentifier>{81f22e00-220e-47d9-8246-2f9352f332b8}</UniqueIdentifier>
    </Filter>
    <Filter Include="Manager">
      <UniqueIdentifier>{b28bcb55-66a3-487e-ab5e-e473590e56ca}</UniqueIdentifier>
    </Filter>
    <Filter Include="Source Files\Global">
      <UniqueIdentifier>{7c7bcbe7-8073-4d38-98d3-1a397a2fe1db}</UniqueIdentifier>
    </Filter>
    <Filter Include="Source Files\Helper">
      <UniqueIdentifier>{49015d45-6a4b-4216-8f0a-d481fc247d7a}</UniqueIdentifier>
    </Filter>
    <Filter Include="Source Files\Helper\FileHelper">
      <UniqueIdentifier>{80f526db-cab9-4ca2-88ce-cca942d5a86e}</UniqueIdentifier>
    </Filter>
    <Filter Include="Source Files\Helper\SettingsHelper">
      <UniqueIdentifier>{da429ba4-eeb6-43c2-b98d-adbb290ba99b}</UniqueIdentifier>
    </Filter>
    <Filter Include="Source Files\Thread">
      <UniqueIdentifier>{289b24e3-f7b3-4b28-8b92-dd05ae4cc9c9}</UniqueIdentifier>
    </Filter>
  </ItemGroup>
  <ItemGroup>
    <ClCompile Include="View\View_AsideBar.cpp">
      <Filter>Source Files</Filter>
    </ClCompile>
    <ClCompile Include="Assistance\ButtonHoverWatcher.cpp">
      <Filter>Source Files</Filter>
    </ClCompile>
    <ClCompile Include="Assistance\Assistance_ComboboxWheelWatcher.cpp">
      <Filter>Source Files</Filter>
    </ClCompile>
    <ClCompile Include="View\FloatingNote.cpp">
      <Filter>Source Files</Filter>
    </ClCompile>
    <ClCompile Include="Assistance\Assistance_FloatingNoteManager.cpp">
      <Filter>Source Files</Filter>
    </ClCompile>
    <ClCompile Include="View\FloatingNotePanel.cpp">
      <Filter>Source Files</Filter>
    </ClCompile>
    <ClCompile Include="View\View_GlobalTop.cpp">
      <Filter>Source Files</Filter>
    </ClCompile>
    <ClCompile Include="Model\Model_Hugou.cpp">
      <Filter>Source Files</Filter>
    </ClCompile>
    <ClCompile Include="View\IconTextButton.cpp">
      <Filter>Source Files</Filter>
    </ClCompile>
    <ClCompile Include="Assistance\IconTextButtonHoverWatcher.cpp">
      <Filter>Source Files</Filter>
    </ClCompile>
    <ClCompile Include="main.cpp">
      <Filter>Source Files</Filter>
    </ClCompile>
    <ClCompile Include="View\View_Settings.cpp">
      <Filter>Source Files</Filter>
    </ClCompile>
    <ClCompile Include="Assistance\Assistance_SettingsHelper.cpp">
      <Filter>Source Files</Filter>
    </ClCompile>
    <ClCompile Include="View\View_TitleBar.cpp">
      <Filter>Source Files</Filter>
    </ClCompile>
    <ClCompile Include="Include\Var.cpp">
      <Filter>Source Files</Filter>
    </ClCompile>
    <ClCompile Include="View\View_Schedule.cpp">
      <Filter>Source Files</Filter>
    </ClCompile>
    <ClCompile Include="Controller\Controller_AsideBar.cpp">
      <Filter>Source Files</Filter>
    </ClCompile>
    <ClCompile Include="View\View_Hugou.cpp">
      <Filter>Source Files</Filter>
    </ClCompile>
    <ClCompile Include="Controller\Controller_Hugou.cpp">
      <Filter>Source Files</Filter>
    </ClCompile>
    <ClCompile Include="View\View_Welcome.cpp">
      <Filter>Source Files</Filter>
    </ClCompile>
    <ClCompile Include="Model\Model_Welcome.cpp">
      <Filter>Source Files</Filter>
    </ClCompile>
    <ClCompile Include="Controller\Controller_Welcome.cpp">
      <Filter>Source Files</Filter>
    </ClCompile>
    <ClCompile Include="Model\Model_Settings.cpp">
      <Filter>Source Files</Filter>
    </ClCompile>
    <ClCompile Include="Controller\Controller_Settings.cpp">
      <Filter>Source Files</Filter>
    </ClCompile>
    <ClCompile Include="View\SettingItem.cpp">
      <Filter>Source Files</Filter>
    </ClCompile>
    <ClCompile Include="Model\Model_Schedule.cpp">
      <Filter>Source Files</Filter>
    </ClCompile>
    <ClCompile Include="Controller\Controller_Schedule.cpp">
      <Filter>Source Files</Filter>
    </ClCompile>
    <ClCompile Include="Assistance\Assistance_ThemeManager.cpp">
      <Filter>Source Files</Filter>
    </ClCompile>
    <ClCompile Include="Database\Database.cpp">
      <Filter>Source Files</Filter>
    </ClCompile>
    <ClCompile Include="View\View_TaskSetting.cpp">
      <Filter>Source Files</Filter>
    </ClCompile>
    <ClCompile Include="Controller\Controller_TaskSetting.cpp">
      <Filter>Source Files</Filter>
    </ClCompile>
    <ClCompile Include="Model\Model_TaskSetting.cpp">
      <Filter>Source Files</Filter>
    </ClCompile>
  </ItemGroup>
  <ItemGroup>
    <QtMoc Include="Assistance\Include\ButtonHoverWatcher.h">
      <Filter>Header Files</Filter>
    </QtMoc>
    <QtMoc Include="Assistance\Include\Assistance_ComboboxWheelWatcher.h">
      <Filter>Header Files</Filter>
    </QtMoc>
    <QtMoc Include="View\Include\FloatingNote.h">
      <Filter>Header Files</Filter>
    </QtMoc>
    <QtMoc Include="Assistance\Include\Assistance_FloatingNoteManager.h">
      <Filter>Header Files</Filter>
    </QtMoc>
    <QtMoc Include="View\Include\FloatingNotePanel.h">
      <Filter>Header Files</Filter>
    </QtMoc>
    <QtMoc Include="View\Include\View_GlobalTop.h">
      <Filter>Header Files</Filter>
    </QtMoc>
    <QtMoc Include="Model\Include\Model_Hugou.h">
      <Filter>Header Files</Filter>
    </QtMoc>
    <QtMoc Include="View\Include\IconTextButton.h">
      <Filter>Header Files</Filter>
    </QtMoc>
    <QtMoc Include="Assistance\Include\IconTextButtonHoverWatcher.h">
      <Filter>Header Files</Filter>
    </QtMoc>
    <QtMoc Include="Assistance\Include\Assistance_SettingsHelper.h">
      <Filter>Header Files</Filter>
    </QtMoc>
    <QtMoc Include="Controller\Include\Controller_Hugou.h">
      <Filter>Header Files</Filter>
    </QtMoc>
    <QtMoc Include="View\Include\View_Hugou.h">
      <Filter>Header Files</Filter>
    </QtMoc>
    <QtMoc Include="Model\Include\Model_Welcome.h">
      <Filter>Header Files</Filter>
    </QtMoc>
    <QtMoc Include="Controller\Include\Controller_Welcome.h">
      <Filter>Header Files</Filter>
    </QtMoc>
    <QtMoc Include="View\Include\View_TitleBar.h">
      <Filter>Header Files</Filter>
    </QtMoc>
    <QtMoc Include="View\Include\View_AsideBar.h">
      <Filter>Header Files</Filter>
    </QtMoc>
    <QtMoc Include="Controller\Include\Controller_AsideBar.h">
      <Filter>Header Files</Filter>
    </QtMoc>
    <QtMoc Include="View\Include\View_Settings.h">
      <Filter>Header Files</Filter>
    </QtMoc>
    <QtMoc Include="Model\Include\Model_Settings.h">
      <Filter>Header Files</Filter>
    </QtMoc>
    <QtMoc Include="Controller\Include\Controller_Settings.h">
      <Filter>Header Files</Filter>
    </QtMoc>
    <QtMoc Include="View\Include\View_Schedule.h">
      <Filter>Header Files</Filter>
    </QtMoc>
    <QtMoc Include="Assistance\Include\Assistance_ThemeManager.h">
      <Filter>Header Files</Filter>
    </QtMoc>
    <QtMoc Include="Controller\Include\Controller_Schedule.h">
      <Filter>Header Files</Filter>
    </QtMoc>
    <QtMoc Include="Database\Include\Database.h">
      <Filter>Header Files</Filter>
    </QtMoc>
    <QtMoc Include="View\Include\View_TaskSetting.h">
      <Filter>Header Files</Filter>
    </QtMoc>
    <QtMoc Include="Controller\Include\Controller_TaskSetting.h">
      <Filter>Header Files</Filter>
    </QtMoc>
  </ItemGroup>
  <ItemGroup>
    <ClInclude Include="Include\Const_Geometry.h">
      <Filter>Header Files</Filter>
    </ClInclude>
    <ClInclude Include="Include\Var.h">
      <Filter>Header Files</Filter>
    </ClInclude>
    <ClInclude Include="View\Include\ui_FloatingNotePanel.h">
      <Filter>Header Files</Filter>
    </ClInclude>
    <ClInclude Include="View\Include\View_Welcome.h">
      <Filter>Header Files</Filter>
    </ClInclude>
    <ClInclude Include="Include\Const_SuccessNote.h">
      <Filter>Header Files</Filter>
    </ClInclude>
    <ClInclude Include="Include\Const_Font.h">
      <Filter>Header Files</Filter>
    </ClInclude>
    <ClInclude Include="Include\Const_DefaultTheme.h">
      <Filter>Header Files</Filter>
    </ClInclude>
    <ClInclude Include="Include\Const_Settings.h">
      <Filter>Header Files</Filter>
    </ClInclude>
    <ClInclude Include="Include\Const_Text.h">
      <Filter>Header Files</Filter>
    </ClInclude>
    <ClInclude Include="View\Include\SettingItem.h">
      <Filter>Header Files</Filter>
    </ClInclude>
    <ClInclude Include="Model\Include\Model_Schedule.h">
      <Filter>Header Files</Filter>
    </ClInclude>
    <ClInclude Include="Include\Struct_Task.h">
      <Filter>Header Files</Filter>
    </ClInclude>
    <ClInclude Include="Model\Include\Model_TaskSetting.h">
      <Filter>Header Files</Filter>
    </ClInclude>
  </ItemGroup>
  <ItemGroup>
    <None Include="Configuration\conf.ini" />
    <None Include="Configuration\errorCode.ini" />
    <None Include="Configuration\solution.ini" />
    <None Include="Resource\theme\Global\floatingNote.qss" />
    <None Include="Resource\theme\Global\floatingNotePanel.qss" />
    <None Include="Resource\theme\Global\globalTop.qss" />
    <None Include="Resource\theme\Global\schedule.qss" />
    <None Include="Resource\theme\Global\titleBar.qss" />
    <None Include="Resource\theme\Global\taskSetting.qss" />
  </ItemGroup>
  <ItemGroup>
    <QtRcc Include="Resource\Hugou.qrc">
      <Filter>Resource Files</Filter>
    </QtRcc>
  </ItemGroup>
  <ItemGroup>
    <ResourceCompile Include="Resource\Hugou.rc">
      <Filter>Resource Files</Filter>
    </ResourceCompile>
  </ItemGroup>
  <ItemGroup>
    <QtTranslation Include="Translation_zh.ts">
      <Filter>Translation Files</Filter>
    </QtTranslation>
  </ItemGroup>
  <ItemGroup>
    <Font Include="Resource\font\HindSiliguri-Bold.ttf" />
    <Font Include="Resource\font\HindSiliguri-Light.ttf" />
    <Font Include="Resource\font\HindSiliguri-Medium.ttf" />
    <Font Include="Resource\font\HindSiliguri-Regular.ttf" />
    <Font Include="Resource\font\HindSiliguri-SemiBold.ttf" />
    <Font Include="Resource\font\Roboto-Black.ttf" />
    <Font Include="Resource\font\Roboto-BlackItalic.ttf" />
    <Font Include="Resource\font\Roboto-Bold.ttf" />
    <Font Include="Resource\font\Roboto-Italic.ttf" />
    <Font Include="Resource\font\Roboto-BoldItalic.ttf" />
    <Font Include="Resource\font\Roboto-Light.ttf" />
    <Font Include="Resource\font\Roboto-LightItalic.ttf" />
    <Font Include="Resource\font\Roboto-Medium.ttf" />
    <Font Include="Resource\font\Roboto-MediumItalic.ttf" />
    <Font Include="Resource\font\Roboto-Regular.ttf" />
    <Font Include="Resource\font\Roboto-Thin.ttf" />
    <Font Include="Resource\font\Roboto-ThinItalic.ttf" />
    <Font Include="Resource\font\WorkSans-Light.ttf" />
    <Font Include="Resource\font\WorkSans-Medium.ttf" />
    <Font Include="Resource\font\WorkSans-Regular.ttf" />
    <Font Include="Resource\font\WorkSans-SemiBold.ttf" />
  </ItemGroup>
  <ItemGroup>
    <Image Include="Resource\gif\applyTheme.gif">
      <Filter>Resource Files</Filter>
    </Image>
    <Image Include="Resource\gif\dropZoneGif.gif">
      <Filter>Resource Files</Filter>
    </Image>
    <Image Include="Resource\icon\appearance.png">
      <Filter>Resource Files</Filter>
    </Image>
    <Image Include="Resource\icon\browse_bla.png">
      <Filter>Resource Files</Filter>
    </Image>
    <Image Include="Resource\icon\close.png">
      <Filter>Resource Files</Filter>
    </Image>
    <Image Include="Resource\icon\browse_blu.png">
      <Filter>Resource Files</Filter>
    </Image>
    <Image Include="Resource\icon\close_bla.png">
      <Filter>Resource Files</Filter>
    </Image>
    <Image Include="Resource\icon\close_blu.png">
      <Filter>Resource Files</Filter>
    </Image>
    <Image Include="Resource\icon\close_w.png">
      <Filter>Resource Files</Filter>
    </Image>
    <Image Include="Resource\icon\common.png">
      <Filter>Resource Files</Filter>
    </Image>
    <Image Include="Resource\icon\country_region.png">
      <Filter>Resource Files</Filter>
    </Image>
    <Image Include="Resource\icon\dealLater_b.png">
      <Filter>Resource Files</Filter>
    </Image>
    <Image Include="Resource\icon\dealLater_w.png">
      <Filter>Resource Files</Filter>
    </Image>
    <Image Include="Resource\icon\dialog.png">
      <Filter>Resource Files</Filter>
    </Image>
    <Image Include="Resource\icon\document_current_16.png">
      <Filter>Resource Files</Filter>
    </Image>
    <Image Include="Resource\icon\document_default_16.png">
      <Filter>Resource Files</Filter>
    </Image>
    <Image Include="Resource\icon\down_bla.png">
      <Filter>Resource Files</Filter>
    </Image>
    <Image Include="Resource\icon\enter.png">
      <Filter>Resource Files</Filter>
    </Image>
    <Image Include="Resource\icon\error.png">
      <Filter>Resource Files</Filter>
    </Image>
    <Image Include="Resource\icon\export.png">
      <Filter>Resource Files</Filter>
    </Image>
    <Image Include="Resource\icon\fail_status.png">
      <Filter>Resource Files</Filter>
    </Image>
    <Image Include="Resource\icon\float_b.png">
      <Filter>Resource Files</Filter>
    </Image>
    <Image Include="Resource\icon\float_g.png">
      <Filter>Resource Files</Filter>
    </Image>
    <Image Include="Resource\icon\float_o.png">
      <Filter>Resource Files</Filter>
    </Image>
    <Image Include="Resource\icon\float_p.png">
      <Filter>Resource Files</Filter>
    </Image>
    <Image Include="Resource\icon\float_r.png">
      <Filter>Resource Files</Filter>
    </Image>
    <Image Include="Resource\icon\float_w.png">
      <Filter>Resource Files</Filter>
    </Image>
    <Image Include="Resource\icon\floatingNoteManager_b.png">
      <Filter>Resource Files</Filter>
    </Image>
    <Image Include="Resource\icon\floatingNoteManager_w.png">
      <Filter>Resource Files</Filter>
    </Image>
    <Image Include="Resource\icon\help_b.png">
      <Filter>Resource Files</Filter>
    </Image>
    <Image Include="Resource\icon\help_w.png">
      <Filter>Resource Files</Filter>
    </Image>
    <Image Include="Resource\icon\Hugou_48.png">
      <Filter>Resource Files</Filter>
    </Image>
    <Image Include="Resource\icon\information.png">
      <Filter>Resource Files</Filter>
    </Image>
    <Image Include="Resource\icon\island_b.png">
      <Filter>Resource Files</Filter>
    </Image>
    <Image Include="Resource\icon\island_w.png">
      <Filter>Resource Files</Filter>
    </Image>
    <Image Include="Resource\icon\maximum.png">
      <Filter>Resource Files</Filter>
    </Image>
    <Image Include="Resource\icon\maximum_w.png">
      <Filter>Resource Files</Filter>
    </Image>
    <Image Include="Resource\icon\minimize_b.png">
      <Filter>Resource Files</Filter>
    </Image>
    <Image Include="Resource\icon\minimize_w.png">
      <Filter>Resource Files</Filter>
    </Image>
    <Image Include="Resource\icon\minimum.png">
      <Filter>Resource Files</Filter>
    </Image>
    <Image Include="Resource\icon\P_b.png">
      <Filter>Resource Files</Filter>
    </Image>
    <Image Include="Resource\icon\P_r.png">
      <Filter>Resource Files</Filter>
    </Image>
    <Image Include="Resource\icon\P_w.png">
      <Filter>Resource Files</Filter>
    </Image>
    <Image Include="Resource\icon\restore.png">
      <Filter>Resource Files</Filter>
    </Image>
    <Image Include="Resource\icon\restore_w.png">
      <Filter>Resource Files</Filter>
    </Image>
    <Image Include="Resource\icon\save_bla.png">
      <Filter>Resource Files</Filter>
    </Image>
    <Image Include="Resource\icon\save_blu.png">
      <Filter>Resource Files</Filter>
    </Image>
    <Image Include="Resource\icon\schedule_current_16.png">
      <Filter>Resource Files</Filter>
    </Image>
    <Image Include="Resource\icon\schedule_current_24.png">
      <Filter>Resource Files</Filter>
    </Image>
    <Image Include="Resource\icon\schedule_default_16.png">
      <Filter>Resource Files</Filter>
    </Image>
    <Image Include="Resource\icon\schedule_default_24.png">
      <Filter>Resource Files</Filter>
    </Image>
    <Image Include="Resource\icon\search_bla.png">
      <Filter>Resource Files</Filter>
    </Image>
    <Image Include="Resource\icon\search_blu.png">
      <Filter>Resource Files</Filter>
    </Image>
    <Image Include="Resource\icon\setting_b.png">
      <Filter>Resource Files</Filter>
    </Image>
    <Image Include="Resource\icon\setting_w.png">
      <Filter>Resource Files</Filter>
    </Image>
    <Image Include="Resource\icon\success.png">
      <Filter>Resource Files</Filter>
    </Image>
    <Image Include="Resource\icon\success_status.png">
      <Filter>Resource Files</Filter>
    </Image>
    <Image Include="Resource\icon\warning.png">
      <Filter>Resource Files</Filter>
    </Image>
    <Image Include="Resource\icon\workSpace_w.png">
      <Filter>Resource Files</Filter>
    </Image>
    <Image Include="Resource\icon\workSpace_b.png">
      <Filter>Resource Files</Filter>
    </Image>
    <Image Include="Resource\icon\yes_b.png">
      <Filter>Resource Files</Filter>
    </Image>
    <Image Include="Resource\icon\yes_g.png">
      <Filter>Resource Files</Filter>
    </Image>
    <Image Include="Resource\icon\yes_w.png">
      <Filter>Resource Files</Filter>
    </Image>
  </ItemGroup>
</Project>